
Microsoft Visual Studio Solution File, Format Version 12.00
# Visual Studio Version 17
VisualStudioVersion = 17.0.31903.59
MinimumVisualStudioVersion = 10.0.40219.1
Project("{FAE04EC0-301F-11D3-BF4B-00C04F79EFBC}") = "app", "app\app.csproj", "{7BCB7371-F70D-421E-ADAE-26E3967C4C9D}"
EndProject
Project("{FAE04EC0-301F-11D3-BF4B-00C04F79EFBC}") = "appTest", "appTest\appTest.csproj", "{DAC47D0A-9C20-4C9F-ACF2-719E6C2CAD44}"
EndProject
Global
	GlobalSection(SolutionConfigurationPlatforms) = preSolution
		Debug|Any CPU = Debug|Any CPU
		Debug|x64 = Debug|x64
		Debug|x86 = Debug|x86
		Release|Any CPU = Release|Any CPU
		Release|x64 = Release|x64
		Release|x86 = Release|x86
	EndGlobalSection
	GlobalSection(ProjectConfigurationPlatforms) = postSolution
		{7BCB7371-F70D-421E-ADAE-26E3967C4C9D}.Debug|Any CPU.ActiveCfg = Debug|Any CPU
		{7BCB7371-F70D-421E-ADAE-26E3967C4C9D}.Debug|Any CPU.Build.0 = Debug|Any CPU
		{7BCB7371-F70D-421E-ADAE-26E3967C4C9D}.Debug|x64.ActiveCfg = Debug|Any CPU
		{7BCB7371-F70D-421E-ADAE-26E3967C4C9D}.Debug|x64.Build.0 = Debug|Any CPU
		{7BCB7371-F70D-421E-ADAE-26E3967C4C9D}.Debug|x86.ActiveCfg = Debug|Any CPU
		{7BCB7371-F70D-421E-ADAE-26E3967C4C9D}.Debug|x86.Build.0 = Debug|Any CPU
		{7BCB7371-F70D-421E-ADAE-26E3967C4C9D}.Release|Any CPU.ActiveCfg = Release|Any CPU
		{7BCB7371-F70D-421E-ADAE-26E3967C4C9D}.Release|Any CPU.Build.0 = Release|Any CPU
		{7BCB7371-F70D-421E-ADAE-26E3967C4C9D}.Release|x64.ActiveCfg = Release|Any CPU
		{7BCB7371-F70D-421E-ADAE-26E3967C4C9D}.Release|x64.Build.0 = Release|Any CPU
		{7BCB7371-F70D-421E-ADAE-26E3967C4C9D}.Release|x86.ActiveCfg = Release|Any CPU
		{7BCB7371-F70D-421E-ADAE-26E3967C4C9D}.Release|x86.Build.0 = Release|Any CPU
		{DAC47D0A-9C20-4C9F-ACF2-719E6C2CAD44}.Debug|Any CPU.ActiveCfg = Debug|Any CPU
		{DAC47D0A-9C20-4C9F-ACF2-719E6C2CAD44}.Debug|Any CPU.Build.0 = Debug|Any CPU
		{DAC47D0A-9C20-4C9F-ACF2-719E6C2CAD44}.Debug|x64.ActiveCfg = Debug|Any CPU
		{DAC47D0A-9C20-4C9F-ACF2-719E6C2CAD44}.Debug|x64.Build.0 = Debug|Any CPU
		{DAC47D0A-9C20-4C9F-ACF2-719E6C2CAD44}.Debug|x86.ActiveCfg = Debug|Any CPU
		{DAC47D0A-9C20-4C9F-ACF2-719E6C2CAD44}.Debug|x86.Build.0 = Debug|Any CPU
		{DAC47D0A-9C20-4C9F-ACF2-719E6C2CAD44}.Release|Any CPU.ActiveCfg = Release|Any CPU
		{DAC47D0A-9C20-4C9F-ACF2-719E6C2CAD44}.Release|Any CPU.Build.0 = Release|Any CPU
		{DAC47D0A-9C20-4C9F-ACF2-719E6C2CAD44}.Release|x64.ActiveCfg = Release|Any CPU
		{DAC47D0A-9C20-4C9F-ACF2-719E6C2CAD44}.Release|x64.Build.0 = Release|Any CPU
		{DAC47D0A-9C20-4C9F-ACF2-719E6C2CAD44}.Release|x86.ActiveCfg = Release|Any CPU
		{DAC47D0A-9C20-4C9F-ACF2-719E6C2CAD44}.Release|x86.Build.0 = Release|Any CPU
	EndGlobalSection
	GlobalSection(SolutionProperties) = preSolution
		HideSolutionNode = FALSE
	EndGlobalSection
EndGlobal
