
Microsoft Visual Studio Solution File, Format Version 12.00
# Visual Studio Version 16
VisualStudioVersion = 16.0.810.17
MinimumVisualStudioVersion = 10.0.40219.1
Project("{FAE04EC0-301F-11D3-BF4B-00C04F79EFBC}") = "CollectionsDemo", "CollectionsDemo\CollectionsDemo.csproj", "{A888C611-2A82-4583-8229-4F25EF5F0900}"
EndProject
Global
	GlobalSection(SolutionConfigurationPlatforms) = preSolution
		Debug|Any CPU = Debug|Any CPU
		Release|Any CPU = Release|Any CPU
	EndGlobalSection
	GlobalSection(ProjectConfigurationPlatforms) = postSolution
		{A888C611-2A82-4583-8229-4F25EF5F0900}.Debug|Any CPU.ActiveCfg = Debug|Any CPU
		{A888C611-2A82-4583-8229-4F25EF5F0900}.Debug|Any CPU.Build.0 = Debug|Any CPU
		{A888C611-2A82-4583-8229-4F25EF5F0900}.Release|Any CPU.ActiveCfg = Release|Any CPU
		{A888C611-2A82-4583-8229-4F25EF5F0900}.Release|Any CPU.Build.0 = Release|Any CPU
	EndGlobalSection
	GlobalSection(SolutionProperties) = preSolution
		HideSolutionNode = FALSE
	EndGlobalSection
	GlobalSection(ExtensibilityGlobals) = postSolution
		SolutionGuid = {90C96DAB-4BBD-4744-B12D-E25B5F5F9B50}
	EndGlobalSection
EndGlobal
